
Microsoft Visual Studio Solution File, Format Version 12.00
# Visual Studio 15
VisualStudioVersion = 15.0.26228.9
MinimumVisualStudioVersion = 10.0.40219.1
Project("{FAE04EC0-301F-11D3-BF4B-00C04F79EFBC}") = "Crawler", "Crawler\Crawler.csproj", "{B0DD7049-0A54-4CB7-942D-72B192108648}"
EndProject
Project("{FAE04EC0-301F-11D3-BF4B-00C04F79EFBC}") = "CrawlerDll", "CrawlerDll\CrawlerDll.csproj", "{D3F3E94E-ED8B-4DFD-AD12-39FEFCEB0DEA}"
EndProject
Global
	GlobalSection(SolutionConfigurationPlatforms) = preSolution
		Debug|Any CPU = Debug|Any CPU
		Release|Any CPU = Release|Any CPU
	EndGlobalSection
	GlobalSection(ProjectConfigurationPlatforms) = postSolution
		{B0DD7049-0A54-4CB7-942D-72B192108648}.Debug|Any CPU.ActiveCfg = Debug|Any CPU
		{B0DD7049-0A54-4CB7-942D-72B192108648}.Debug|Any CPU.Build.0 = Debug|Any CPU
		{B0DD7049-0A54-4CB7-942D-72B192108648}.Release|Any CPU.ActiveCfg = Release|Any CPU
		{B0DD7049-0A54-4CB7-942D-72B192108648}.Release|Any CPU.Build.0 = Release|Any CPU
		{D3F3E94E-ED8B-4DFD-AD12-39FEFCEB0DEA}.Debug|Any CPU.ActiveCfg = Debug|Any CPU
		{D3F3E94E-ED8B-4DFD-AD12-39FEFCEB0DEA}.Debug|Any CPU.Build.0 = Debug|Any CPU
		{D3F3E94E-ED8B-4DFD-AD12-39FEFCEB0DEA}.Release|Any CPU.ActiveCfg = Release|Any CPU
		{D3F3E94E-ED8B-4DFD-AD12-39FEFCEB0DEA}.Release|Any CPU.Build.0 = Release|Any CPU
	EndGlobalSection
	GlobalSection(SolutionProperties) = preSolution
		HideSolutionNode = FALSE
	EndGlobalSection
EndGlobal
